PODS:
  - Alamofire (5.4.0)
  - NVActivityIndicatorView (5.1.1):
    - NVActivityIndicatorView/Base (= 5.1.1)
  - NVActivityIndicatorView/Base (5.1.1)

DEPENDENCIES:
  - Alamofire
  - NVActivityIndicatorView

SPEC REPOS:
  trunk:
    - Alamofire
    - NVActivityIndicatorView

SPEC CHECKSUMS:
  Alamofire: 3b6a534a3df22db367e4dedeeca73d1ddfcf0e2f
  NVActivityIndicatorView: 1f6c5687f1171810aa27a3296814dc2d7dec3667

PODFILE CHECKSUM: e66459006cee7a2d7cfb420156b879848610c883

COCOAPODS: 1.12.1
